{
  "object": {
    "pins": [
      {
        "package": "Socket",
        "repositoryURL": "https://github.com/IBM-Swift/BlueSocket.git",
        "state": {
          "branch": null,
          "revision": "26c8f4e4e3000421a0c97aaf0c7b5e9aa5475222",
          "version": "0.12.94"
        }
      },
      {
        "package": "SwordRPC",
        "repositoryURL": "https://github.com/aydenp/SwordRPC",
        "state": {
          "branch": null,
          "revision": "ed42a0cf0d8451c3cadb2552b558898388dbf0a6",
          "version": "0.2.4"
        }
      }
    ]
  },
  "version": 1
}
